// !$*UTF8*$!
{
	archiveVersion = 1;
	classes = {
	};
	objectVersion = 50;
	objects = {

/* Begin PBXBuildFile section */
		D124EC5F24D5E78900B99638 /* GridLayout.swift in Sources */ = {isa = PBXBuildFile; fileRef = D124EC5E24D5E78900B99638 /* GridLayout.swift */; };
		D124EC6124D5F3CF00B99638 /* Array+Identifiable.swift in Sources */ = {isa = PBXBuildFile; fileRef = D124EC6024D5F3CF00B99638 /* Array+Identifiable.swift */; };
		D13C877724D61FFD005B2650 /* Array.Only.swift in Sources */ = {isa = PBXBuildFile; fileRef = D13C877624D61FFD005B2650 /* Array.Only.swift */; };
		D15E3EFB247B01660089CE88 /* AppDelegate.swift in Sources */ = {isa = PBXBuildFile; fileRef = D15E3EFA247B01660089CE88 /* AppDelegate.swift */; };
		D15E3EFD247B01660089CE88 /* SceneDelegate.swift in Sources */ = {isa = PBXBuildFile; fileRef = D15E3EFC247B01660089CE88 /* SceneDelegate.swift */; };
		D15E3EFF247B01660089CE88 /* EmojiMemoryGameView.swift in Sources */ = {isa = PBXBuildFile; fileRef = D15E3EFE247B01660089CE88 /* EmojiMemoryGameView.swift */; };
		D15E3F01247B01670089CE88 /* Assets.xcassets in Resources */ = {isa = PBXBuildFile; fileRef = D15E3F00247B01670089CE88 /* Assets.xcassets */; };
		D15E3F04247B01670089CE88 /* Preview Assets.xcassets in Resources */ = {isa = PBXBuildFile; fileRef = D15E3F03247B01670089CE88 /* Preview Assets.xcassets */; };
		D15E3F07247B01670089CE88 /* LaunchScreen.storyboard in Resources */ = {isa = PBXBuildFile; fileRef = D15E3F05247B01670089CE88 /* LaunchScreen.storyboard */; };
		D15E3F0F247B04140089CE88 /* MemoryGame.swift in Sources */ = {isa = PBXBuildFile; fileRef = D15E3F0E247B04140089CE88 /* MemoryGame.swift */; };
		D15E3F11247B53AD0089CE88 /* EmojiMemoryGame.swift in Sources */ = {isa = PBXBuildFile; fileRef = D15E3F10247B53AD0089CE88 /* EmojiMemoryGame.swift */; };
		D1EE991C24D0B74900848EEC /* Grid.swift in Sources */ = {isa = PBXBuildFile; fileRef = D1EE991B24D0B74900848EEC /* Grid.swift */; };
/* End PBXBuildFile section */

/* Begin PBXFileReference section */
		D124EC5E24D5E78900B99638 /* GridLayout.swift */ = {isa = PBXFileReference; fileEncoding = 4; lastKnownFileType = sourcecode.swift; path = GridLayout.swift; sourceTree = "<group>"; };
		D124EC6024D5F3CF00B99638 /* Array+Identifiable.swift */ = {isa = PBXFileReference; lastKnownFileType = sourcecode.swift; path = "Array+Identifiable.swift"; sourceTree = "<group>"; };
		D13C877624D61FFD005B2650 /* Array.Only.swift */ = {isa = PBXFileReference; lastKnownFileType = sourcecode.swift; path = Array.Only.swift; sourceTree = "<group>"; };
		D15E3EF7247B01660089CE88 /* Memorize.app */ = {isa = PBXFileReference; explicitFileType = wrapper.application; includeInIndex = 0; path = Memorize.app; sourceTree = BUILT_PRODUCTS_DIR; };
		D15E3EFA247B01660089CE88 /* AppDelegate.swift */ = {isa = PBXFileReference; lastKnownFileType = sourcecode.swift; path = AppDelegate.swift; sourceTree = "<group>"; };
		D15E3EFC247B01660089CE88 /* SceneDelegate.swift */ = {isa = PBXFileReference; lastKnownFileType = sourcecode.swift; path = SceneDelegate.swift; sourceTree = "<group>"; };
		D15E3EFE247B01660089CE88 /* EmojiMemoryGameView.swift */ = {isa = PBXFileReference; lastKnownFileType = sourcecode.swift; path = EmojiMemoryGameView.swift; sourceTree = "<group>"; };
		D15E3F00247B01670089CE88 /* Assets.xcassets */ = {isa = PBXFileReference; lastKnownFileType = folder.assetcatalog; path = Assets.xcassets; sourceTree = "<group>"; };
		D15E3F03247B01670089CE88 /* Preview Assets.xcassets */ = {isa = PBXFileReference; lastKnownFileType = folder.assetcatalog; path = "Preview Assets.xcassets"; sourceTree = "<group>"; };
		D15E3F06247B01670089CE88 /* Base */ = {isa = PBXFileReference; lastKnownFileType = file.storyboard; name = Base; path = Base.lproj/LaunchScreen.storyboard; sourceTree = "<group>"; };
		D15E3F08247B01670089CE88 /* Info.plist */ = {isa = PBXFileReference; lastKnownFileType = text.plist.xml; path = Info.plist; sourceTree = "<group>"; };
		D15E3F0E247B04140089CE88 /* MemoryGame.swift */ = {isa = PBXFileReference; lastKnownFileType = sourcecode.swift; path = MemoryGame.swift; sourceTree = "<group>"; };
		D15E3F10247B53AD0089CE88 /* EmojiMemoryGame.swift */ = {isa = PBXFileReference; lastKnownFileType = sourcecode.swift; path = EmojiMemoryGame.swift; sourceTree = "<group>"; };
		D1EE991B24D0B74900848EEC /* Grid.swift */ = {isa = PBXFileReference; lastKnownFileType = sourcecode.swift; path = Grid.swift; sourceTree = "<group>"; };
/* End PBXFileReference section */

/* Begin PBXFrameworksBuildPhase section */
		D15E3EF4247B01660089CE88 /* Frameworks */ = {
			isa = PBXFrameworksBuildPhase;
			buildActionMask = 2147483647;
			files = (
			);
			runOnlyForDeploymentPostprocessing = 0;
		};
/* End PBXFrameworksBuildPhase section */

/* Begin PBXGroup section */
		D15E3EEE247B01660089CE88 = {
			isa = PBXGroup;
			children = (
				D15E3EF9247B01660089CE88 /* Memorize */,
				D15E3EF8247B01660089CE88 /* Products */,
			);
			sourceTree = "<group>";
		};
		D15E3EF8247B01660089CE88 /* Products */ = {
			isa = PBXGroup;
			children = (
				D15E3EF7247B01660089CE88 /* Memorize.app */,
			);
			name = Products;
			sourceTree = "<group>";
		};
		D15E3EF9247B01660089CE88 /* Memorize */ = {
			isa = PBXGroup;
			children = (
				D15E3EFA247B01660089CE88 /* AppDelegate.swift */,
				D13C877624D61FFD005B2650 /* Array.Only.swift */,
				D124EC6024D5F3CF00B99638 /* Array+Identifiable.swift */,
				D15E3F00247B01670089CE88 /* Assets.xcassets */,
				D15E3F10247B53AD0089CE88 /* EmojiMemoryGame.swift */,
				D15E3EFE247B01660089CE88 /* EmojiMemoryGameView.swift */,
				D1EE991B24D0B74900848EEC /* Grid.swift */,
				D124EC5E24D5E78900B99638 /* GridLayout.swift */,
				D15E3F08247B01670089CE88 /* Info.plist */,
				D15E3F05247B01670089CE88 /* LaunchScreen.storyboard */,
				D15E3F0E247B04140089CE88 /* MemoryGame.swift */,
				D15E3F02247B01670089CE88 /* Preview Content */,
				D15E3EFC247B01660089CE88 /* SceneDelegate.swift */,
			);
			path = Memorize;
			sourceTree = "<group>";
		};
		D15E3F02247B01670089CE88 /* Preview Content */ = {
			isa = PBXGroup;
			children = (
				D15E3F03247B01670089CE88 /* Preview Assets.xcassets */,
			);
			path = "Preview Content";
			sourceTree = "<group>";
		};
/* End PBXGroup section */

/* Begin PBXNativeTarget section */
		D15E3EF6247B01660089CE88 /* Memorize */ = {
			isa = PBXNativeTarget;
			buildConfigurationList = D15E3F0B247B01670089CE88 /* Build configuration list for PBXNativeTarget "Memorize" */;
			buildPhases = (
				D15E3EF3247B01660089CE88 /* Sources */,
				D15E3EF4247B01660089CE88 /* Frameworks */,
				D15E3EF5247B01660089CE88 /* Resources */,
			);
			buildRules = (
			);
			dependencies = (
			);
			name = Memorize;
			productName = Memorize;
			productReference = D15E3EF7247B01660089CE88 /* Memorize.app */;
			productType = "com.apple.product-type.application";
		};
/* End PBXNativeTarget section */

/* Begin PBXProject section */
		D15E3EEF247B01660089CE88 /* Project object */ = {
			isa = PBXProject;
			attributes = {
				LastSwiftUpdateCheck = 1150;
				LastUpgradeCheck = 1150;
				ORGANIZATIONNAME = jmatharu;
				TargetAttributes = {
					D15E3EF6247B01660089CE88 = {
						CreatedOnToolsVersion = 11.5;
					};
				};
			};
			buildConfigurationList = D15E3EF2247B01660089CE88 /* Build configuration list for PBXProject "Memorize" */;
			compatibilityVersion = "Xcode 9.3";
			developmentRegion = en;
			hasScannedForEncodings = 0;
			knownRegions = (
				en,
				Base,
			);
			mainGroup = D15E3EEE247B01660089CE88;
			productRefGroup = D15E3EF8247B01660089CE88 /* Products */;
			projectDirPath = "";
			projectRoot = "";
			targets = (
				D15E3EF6247B01660089CE88 /* Memorize */,
			);
		};
/* End PBXProject section */

/* Begin PBXResourcesBuildPhase section */
		D15E3EF5247B01660089CE88 /* Resources */ = {
			isa = PBXResourcesBuildPhase;
			buildActionMask = 2147483647;
			files = (
				D15E3F07247B01670089CE88 /* LaunchScreen.storyboard in Resources */,
				D15E3F04247B01670089CE88 /* Preview Assets.xcassets in Resources */,
				D15E3F01247B01670089CE88 /* Assets.xcassets in Resources */,
			);
			runOnlyForDeploymentPostprocessing = 0;
		};
/* End PBXResourcesBuildPhase section */

/* Begin PBXSourcesBuildPhase section */
		D15E3EF3247B01660089CE88 /* Sources */ = {
			isa = PBXSourcesBuildPhase;
			buildActionMask = 2147483647;
			files = (
				D15E3EFB247B01660089CE88 /* AppDelegate.swift in Sources */,
				D15E3EFD247B01660089CE88 /* SceneDelegate.swift in Sources */,
				D15E3F0F247B04140089CE88 /* MemoryGame.swift in Sources */,
				D15E3EFF247B01660089CE88 /* EmojiMemoryGameView.swift in Sources */,
				D15E3F11247B53AD0089CE88 /* EmojiMemoryGame.swift in Sources */,
				D124EC6124D5F3CF00B99638 /* Array+Identifiable.swift in Sources */,
				D124EC5F24D5E78900B99638 /* GridLayout.swift in Sources */,
				D1EE991C24D0B74900848EEC /* Grid.swift in Sources */,
				D13C877724D61FFD005B2650 /* Array.Only.swift in Sources */,
			);
			runOnlyForDeploymentPostprocessing = 0;
		};
/* End PBXSourcesBuildPhase section */

/* Begin PBXVariantGroup section */
		D15E3F05247B01670089CE88 /* LaunchScreen.storyboard */ = {
			isa = PBXVariantGroup;
			children = (
				D15E3F06247B01670089CE88 /* Base */,
			);
			name = LaunchScreen.storyboard;
			sourceTree = "<group>";
		};
/* End PBXVariantGroup section */

/* Begin XCBuildConfiguration section */
		D15E3F09247B01670089CE88 /* Debug */ = {
			isa = XCBuildConfiguration;
			buildSettings = {
				ALWAYS_SEARCH_USER_PATHS = NO;
				CLANG_ANALYZER_NONNULL = YES;
				CLANG_ANALYZER_NUMBER_OBJECT_CONVERSION = YES_AGGRESSIVE;
				CLANG_CXX_LANGUAGE_STANDARD = "gnu++14";
				CLANG_CXX_LIBRARY = "libc++";
				CLANG_ENABLE_MODULES = YES;
				CLANG_ENABLE_OBJC_ARC = YES;
				CLANG_ENABLE_OBJC_WEAK = YES;
				CLANG_WARN_BLOCK_CAPTURE_AUTORELEASING = YES;
				CLANG_WARN_BOOL_CONVERSION = YES;
				CLANG_WARN_COMMA = YES;
				CLANG_WARN_CONSTANT_CONVERSION = YES;
				CLANG_WARN_DEPRECATED_OBJC_IMPLEMENTATIONS = YES;
				CLANG_WARN_DIRECT_OBJC_ISA_USAGE = YES_ERROR;
				CLANG_WARN_DOCUMENTATION_COMMENTS = YES;
				CLANG_WARN_EMPTY_BODY = YES;
				CLANG_WARN_ENUM_CONVERSION = YES;
				CLANG_WARN_INFINITE_RECURSION = YES;
				CLANG_WARN_INT_CONVERSION = YES;
				CLANG_WARN_NON_LITERAL_NULL_CONVERSION = YES;
				CLANG_WARN_OBJC_IMPLICIT_RETAIN_SELF = YES;
				CLANG_WARN_OBJC_LITERAL_CONVERSION = YES;
				CLANG_WARN_OBJC_ROOT_CLASS = YES_ERROR;
				CLANG_WARN_RANGE_LOOP_ANALYSIS = YES;
				CLANG_WARN_STRICT_PROTOTYPES = YES;
				CLANG_WARN_SUSPICIOUS_MOVE = YES;
				CLANG_WARN_UNGUARDED_AVAILABILITY = YES_AGGRESSIVE;
				CLANG_WARN_UNREACHABLE_CODE = YES;
				CLANG_WARN__DUPLICATE_METHOD_MATCH = YES;
				COPY_PHASE_STRIP = NO;
				DEBUG_INFORMATION_FORMAT = dwarf;
				ENABLE_STRICT_OBJC_MSGSEND = YES;
				ENABLE_TESTABILITY = YES;
				GCC_C_LANGUAGE_STANDARD = gnu11;
				GCC_DYNAMIC_NO_PIC = NO;
				GCC_NO_COMMON_BLOCKS = YES;
				GCC_OPTIMIZATION_LEVEL = 0;
				GCC_PREPROCESSOR_DEFINITIONS = (
					"DEBUG=1",
					"$(inherited)",
				);
				GCC_WARN_64_TO_32_BIT_CONVERSION = YES;
				GCC_WARN_ABOUT_RETURN_TYPE = YES_ERROR;
				GCC_WARN_UNDECLARED_SELECTOR = YES;
				GCC_WARN_UNINITIALIZED_AUTOS = YES_AGGRESSIVE;
				GCC_WARN_UNUSED_FUNCTION = YES;
				GCC_WARN_UNUSED_VARIABLE = YES;
				IPHONEOS_DEPLOYMENT_TARGET = 13.5;
				MTL_ENABLE_DEBUG_INFO = INCLUDE_SOURCE;
				MTL_FAST_MATH = YES;
				ONLY_ACTIVE_ARCH = YES;
				SDKROOT = iphoneos;
				SWIFT_ACTIVE_COMPILATION_CONDITIONS = DEBUG;
				SWIFT_OPTIMIZATION_LEVEL = "-Onone";
			};
			name = Debug;
		};
		D15E3F0A247B01670089CE88 /* Release */ = {
			isa = XCBuildConfiguration;
			buildSettings = {
				ALWAYS_SEARCH_USER_PATHS = NO;
				CLANG_ANALYZER_NONNULL = YES;
				CLANG_ANALYZER_NUMBER_OBJECT_CONVERSION = YES_AGGRESSIVE;
				CLANG_CXX_LANGUAGE_STANDARD = "gnu++14";
				CLANG_CXX_LIBRARY = "libc++";
				CLANG_ENABLE_MODULES = YES;
				CLANG_ENABLE_OBJC_ARC = YES;
				CLANG_ENABLE_OBJC_WEAK = YES;
				CLANG_WARN_BLOCK_CAPTURE_AUTORELEASING = YES;
				CLANG_WARN_BOOL_CONVERSION = YES;
				CLANG_WARN_COMMA = YES;
				CLANG_WARN_CONSTANT_CONVERSION = YES;
				CLANG_WARN_DEPRECATED_OBJC_IMPLEMENTATIONS = YES;
				CLANG_WARN_DIRECT_OBJC_ISA_USAGE = YES_ERROR;
				CLANG_WARN_DOCUMENTATION_COMMENTS = YES;
				CLANG_WARN_EMPTY_BODY = YES;
				CLANG_WARN_ENUM_CONVERSION = YES;
				CLANG_WARN_INFINITE_RECURSION = YES;
				CLANG_WARN_INT_CONVERSION = YES;
				CLANG_WARN_NON_LITERAL_NULL_CONVERSION = YES;
				CLANG_WARN_OBJC_IMPLICIT_RETAIN_SELF = YES;
				CLANG_WARN_OBJC_LITERAL_CONVERSION = YES;
				CLANG_WARN_OBJC_ROOT_CLASS = YES_ERROR;
				CLANG_WARN_RANGE_LOOP_ANALYSIS = YES;
				CLANG_WARN_STRICT_PROTOTYPES = YES;
				CLANG_WARN_SUSPICIOUS_MOVE = YES;
				CLANG_WARN_UNGUARDED_AVAILABILITY = YES_AGGRESSIVE;
				CLANG_WARN_UNREACHABLE_CODE = YES;
				CLANG_WARN__DUPLICATE_METHOD_MATCH = YES;
				COPY_PHASE_STRIP = NO;
				DEBUG_INFORMATION_FORMAT = "dwarf-with-dsym";
				ENABLE_NS_ASSERTIONS = NO;
				ENABLE_STRICT_OBJC_MSGSEND = YES;
				GCC_C_LANGUAGE_STANDARD = gnu11;
				GCC_NO_COMMON_BLOCKS = YES;
				GCC_WARN_64_TO_32_BIT_CONVERSION = YES;
				GCC_WARN_ABOUT_RETURN_TYPE = YES_ERROR;
				GCC_WARN_UNDECLARED_SELECTOR = YES;
				GCC_WARN_UNINITIALIZED_AUTOS = YES_AGGRESSIVE;
				GCC_WARN_UNUSED_FUNCTION = YES;
				GCC_WARN_UNUSED_VARIABLE = YES;
				IPHONEOS_DEPLOYMENT_TARGET = 13.5;
				MTL_ENABLE_DEBUG_INFO = NO;
				MTL_FAST_MATH = YES;
				SDKROOT = iphoneos;
				SWIFT_COMPILATION_MODE = wholemodule;
				SWIFT_OPTIMIZATION_LEVEL = "-O";
				VALIDATE_PRODUCT = YES;
			};
			name = Release;
		};
		D15E3F0C247B01670089CE88 /* Debug */ = {
			isa = XCBuildConfiguration;
			buildSettings = {
				ASSETCATALOG_COMPILER_APPICON_NAME = AppIcon;
				CODE_SIGN_STYLE = Automatic;
				DEVELOPMENT_ASSET_PATHS = "\"Memorize/Preview Content\"";
				ENABLE_PREVIEWS = YES;
				INFOPLIST_FILE = Memorize/Info.plist;
				LD_RUNPATH_SEARCH_PATHS = (
					"$(inherited)",
					"@executable_path/Frameworks",
				);
				PRODUCT_BUNDLE_IDENTIFIER = com.jmatharu.Memorize;
				PRODUCT_NAME = "$(TARGET_NAME)";
				SWIFT_VERSION = 5.0;
				TARGETED_DEVICE_FAMILY = "1,2";
			};
			name = Debug;
		};
		D15E3F0D247B01670089CE88 /* Release */ = {
			isa = XCBuildConfiguration;
			buildSettings = {
				ASSETCATALOG_COMPILER_APPICON_NAME = AppIcon;
				CODE_SIGN_STYLE = Automatic;
				DEVELOPMENT_ASSET_PATHS = "\"Memorize/Preview Content\"";
				ENABLE_PREVIEWS = YES;
				INFOPLIST_FILE = Memorize/Info.plist;
				LD_RUNPATH_SEARCH_PATHS = (
					"$(inherited)",
					"@executable_path/Frameworks",
				);
				PRODUCT_BUNDLE_IDENTIFIER = com.jmatharu.Memorize;
				PRODUCT_NAME = "$(TARGET_NAME)";
				SWIFT_VERSION = 5.0;
				TARGETED_DEVICE_FAMILY = "1,2";
			};
			name = Release;
		};
/* End XCBuildConfiguration section */

/* Begin XCConfigurationList section */
		D15E3EF2247B01660089CE88 /* Build configuration list for PBXProject "Memorize" */ = {
			isa = XCConfigurationList;
			buildConfigurations = (
				D15E3F09247B01670089CE88 /* Debug */,
				D15E3F0A247B01670089CE88 /* Release */,
			);
			defaultConfigurationIsVisible = 0;
			defaultConfigurationName = Release;
		};
		D15E3F0B247B01670089CE88 /* Build configuration list for PBXNativeTarget "Memorize" */ = {
			isa = XCConfigurationList;
			buildConfigurations = (
				D15E3F0C247B01670089CE88 /* Debug */,
				D15E3F0D247B01670089CE88 /* Release */,
			);
			defaultConfigurationIsVisible = 0;
			defaultConfigurationName = Release;
		};
/* End XCConfigurationList section */
	};
	rootObject = D15E3EEF247B01660089CE88 /* Project object */;
}
